PODS:
  - audio_session (0.0.1):
    - Flutter
  - audioplayers_darwin (0.0.1):
    - Flutter
  - BaiduMapKit/Base (6.6.2)
  - BaiduMapKit/Map (6.6.2):
    - BaiduMapKit/Base
  - BaiduMapKit/Search (6.6.2):
    - BaiduMapKit/Base
  - BaiduMapKit/Utils (6.6.2):
    - BaiduMapKit/Base
  - BMKLocationKit (2.1.2)
  - camera_avfoundation (0.0.1):
    - Flutter
  - connectivity_plus (0.0.1):
    - Flutter
    - ReachabilitySwift
  - device_info_plus (0.0.1):
    - Flutter
  - DKImagePickerController/Core (4.3.9):
    - DKImagePickerController/ImageDataManager
    - DKImagePickerController/Resource
  - DKImagePickerController/ImageDataManager (4.3.9)
  - DKImagePickerController/PhotoGallery (4.3.9):
    - DKImagePickerController/Core
    - DKPhotoGallery
  - DKImagePickerController/Resource (4.3.9)
  - DKPhotoGallery (0.0.19):
    - DKPhotoGallery/Core (= 0.0.19)
    - DKPhotoGallery/Model (= 0.0.19)
    - DKPhotoGallery/Preview (= 0.0.19)
    - DKPhotoGallery/Resource (= 0.0.19)
    - SDWebImage
    - SwiftyGif
  - DKPhotoGallery/Core (0.0.19):
    - DKPhotoGallery/Model
    - DKPhotoGallery/Preview
    - SDWebImage
    - SwiftyGif
  - DKPhotoGallery/Model (0.0.19):
    - SDWebImage
    - SwiftyGif
  - DKPhotoGallery/Preview (0.0.19):
    - DKPhotoGallery/Model
    - DKPhotoGallery/Resource
    - SDWebImage
    - SwiftyGif
  - DKPhotoGallery/Resource (0.0.19):
    - SDWebImage
    - SwiftyGif
  - fc_native_video_thumbnail (0.0.1):
    - Flutter
    - FlutterMacOS
  - file_picker (0.0.1):
    - DKImagePickerController/PhotoGallery
    - Flutter
  - Flutter (1.0.0)
  - flutter_app_update (0.0.1):
    - Flutter
  - flutter_baidu_mapapi_base (3.8.0):
    - BaiduMapKit/Utils (= 6.6.2)
    - Flutter
  - flutter_baidu_mapapi_map (3.7.2):
    - BaiduMapKit/Map (= 6.6.2)
    - Flutter
    - flutter_baidu_mapapi_base
  - flutter_baidu_mapapi_search (3.8.0):
    - BaiduMapKit/Search (= 6.6.2)
    - Flutter
    - flutter_baidu_mapapi_base
  - flutter_baidu_mapapi_utils (3.8.0):
    - BaiduMapKit/Utils (= 6.6.2)
    - Flutter
    - flutter_baidu_mapapi_base
  - flutter_bmflocation (3.5.0):
    - BMKLocationKit (~> 2.1.0)
    - Flutter
  - flutter_image_compress (1.0.0):
    - Flutter
    - Mantle
    - SDWebImage
    - SDWebImageWebPCoder
  - flutter_plugin_record_plus (0.0.1):
    - Flutter
  - flutter_ringtone_player (0.0.1):
    - Flutter
  - GoogleDataTransport (9.4.1):
    - GoogleUtilities/Environment (~> 7.7)
    - nanopb (< 2.30911.0, >= 2.30908.0)
    - PromisesObjC (< 3.0, >= 1.2)
  - GoogleMLKit/BarcodeScanning (6.0.0):
    - GoogleMLKit/MLKitCore
    - MLKitBarcodeScanning (~> 5.0.0)
  - GoogleMLKit/MLKitCore (6.0.0):
    - MLKitCommon (~> 11.0.0)
  - GoogleToolboxForMac/Defines (4.2.1)
  - GoogleToolboxForMac/Logger (4.2.1):
    - GoogleToolboxForMac/Defines (= 4.2.1)
  - "GoogleToolboxForMac/NSData+zlib (4.2.1)":
    - GoogleToolboxForMac/Defines (= 4.2.1)
  - GoogleUtilities/Environment (7.13.3):
    - GoogleUtilities/Privacy
    - PromisesObjC (< 3.0, >= 1.2)
  - GoogleUtilities/Logger (7.13.3):
    - GoogleUtilities/Environment
    - GoogleUtilities/Privacy
  - GoogleUtilities/Privacy (7.13.3)
  - GoogleUtilities/UserDefaults (7.13.3):
    - GoogleUtilities/Logger
    - GoogleUtilities/Privacy
  - GoogleUtilitiesComponents (1.1.0):
    - GoogleUtilities/Logger
  - GTMSessionFetcher/Core (3.5.0)
  - heif_converter (1.0.0):
    - Flutter
  - HydraAsync (2.0.6)
  - image_clipboard (0.0.1):
    - Flutter
  - image_cropper (0.0.4):
    - Flutter
    - TOCropViewController (~> 2.6.1)
  - image_gallery_saver (2.0.2):
    - Flutter
  - image_picker_ios (0.0.1):
    - Flutter
  - just_audio (0.0.1):
    - Flutter
  - libwebp (1.3.2):
    - libwebp/demux (= 1.3.2)
    - libwebp/mux (= 1.3.2)
    - libwebp/sharpyuv (= 1.3.2)
    - libwebp/webp (= 1.3.2)
  - libwebp/demux (1.3.2):
    - libwebp/webp
  - libwebp/mux (1.3.2):
    - libwebp/demux
  - libwebp/sharpyuv (1.3.2)
  - libwebp/webp (1.3.2):
    - libwebp/sharpyuv
  - Mantle (2.2.0):
    - Mantle/extobjc (= 2.2.0)
  - Mantle/extobjc (2.2.0)
  - map_launcher (0.0.1):
    - Flutter
  - MLImage (1.0.0-beta5)
  - MLKitBarcodeScanning (5.0.0):
    - MLKitCommon (~> 11.0)
    - MLKitVision (~> 7.0)
  - MLKitCommon (11.0.0):
    - GoogleDataTransport (< 10.0, >= 9.4.1)
    - GoogleToolboxForMac/Logger (< 5.0, >= 4.2.1)
    - "GoogleToolboxForMac/NSData+zlib (< 5.0, >= 4.2.1)"
    - GoogleUtilities/UserDefaults (< 8.0, >= 7.13.0)
    - GoogleUtilitiesComponents (~> 1.0)
    - GTMSessionFetcher/Core (< 4.0, >= 3.3.2)
  - MLKitVision (7.0.0):
    - GoogleToolboxForMac/Logger (< 5.0, >= 4.2.1)
    - "GoogleToolboxForMac/NSData+zlib (< 5.0, >= 4.2.1)"
    - GTMSessionFetcher/Core (< 4.0, >= 3.3.2)
    - MLImage (= 1.0.0-beta5)
    - MLKitCommon (~> 11.0)
  - mobile_scanner (5.1.1):
    - Flutter
    - GoogleMLKit/BarcodeScanning (~> 6.0.0)
  - nanopb (2.30910.0):
    - nanopb/decode (= 2.30910.0)
    - nanopb/encode (= 2.30910.0)
  - nanopb/decode (2.30910.0)
  - nanopb/encode (2.30910.0)
  - open_file (0.0.1):
    - Flutter
  - package_info_plus (0.4.5):
    - Flutter
  - pasteboard (0.0.1):
    - Flutter
  - path_provider_foundation (0.0.1):
    - Flutter
    - FlutterMacOS
  - permission_handler_apple (9.3.0):
    - Flutter
  - photo_browser (0.0.1):
    - Flutter
  - photo_manager (2.0.0):
    - Flutter
    - FlutterMacOS
  - plugin_six2 (0.0.1):
    - Flutter
  - PromisesObjC (2.4.0)
  - ReachabilitySwift (5.2.3)
  - SDWebImage (5.19.2):
    - SDWebImage/Core (= 5.19.2)
  - SDWebImage/Core (5.19.2)
  - SDWebImageWebPCoder (0.14.6):
    - libwebp (~> 1.0)
    - SDWebImage/Core (~> 5.17)
  - sensors_plus (0.0.1):
    - Flutter
  - shared_preferences_foundation (0.0.1):
    - Flutter
    - FlutterMacOS
  - SnapKit (5.7.1)
  - sqflite (0.0.3):
    - Flutter
    - FlutterMacOS
  - SwiftyGif (5.4.5)
  - tencent_calls_engine (0.0.1):
    - Flutter
    - TUICallEngine/Professional (~> 2.3.0.915)
  - tencent_calls_uikit (0.0.1):
    - Flutter
    - SnapKit
    - TUICallEngine/Professional
    - TUICore (~> 7.9.5666)
  - tencent_cloud_chat_sdk (7.0.0):
    - Flutter
    - HydraAsync
    - TXIMSDK_Plus_iOS (>= 7.9.5680)
  - tencent_cloud_uikit_core (0.0.1):
    - Flutter
  - TOCropViewController (2.6.1)
  - TUICallEngine/Professional (2.3.0.925):
    - TXIMSDK_Plus_iOS (>= 7.9.5666)
    - TXLiteAVSDK_Professional (>= 11.7.12001)
  - TUICore (7.9.5666):
    - SDWebImage
    - TUICore/ImSDK_Plus (= 7.9.5666)
  - TUICore/Base (7.9.5666):
    - SDWebImage
  - TUICore/ImSDK_Plus (7.9.5666):
    - SDWebImage
    - TUICore/Base
    - TXIMSDK_Plus_iOS
  - TXIMSDK_Plus_iOS (8.0.5895)
  - TXLiteAVSDK_Professional (11.9.15963):
    - TXLiteAVSDK_Professional/Professional (= 11.9.15963)
  - TXLiteAVSDK_Professional/Professional (11.9.15963)
  - url_launcher_ios (0.0.1):
    - Flutter
  - vibration (1.7.5):
    - Flutter
  - video_player_avfoundation (0.0.1):
    - Flutter
    - FlutterMacOS
  - wakelock_plus (0.0.1):
    - Flutter

DEPENDENCIES:
  - audio_session (from `.symlinks/plugins/audio_session/ios`)
  - audioplayers_darwin (from `.symlinks/plugins/audioplayers_darwin/ios`)
  - camera_avfoundation (from `.symlinks/plugins/camera_avfoundation/ios`)
  - connectivity_plus (from `.symlinks/plugins/connectivity_plus/ios`)
  - device_info_plus (from `.symlinks/plugins/device_info_plus/ios`)
  - fc_native_video_thumbnail (from `.symlinks/plugins/fc_native_video_thumbnail/darwin`)
  - file_picker (from `.symlinks/plugins/file_picker/ios`)
  - Flutter (from `Flutter`)
  - flutter_app_update (from `.symlinks/plugins/flutter_app_update/ios`)
  - flutter_baidu_mapapi_base (from `.symlinks/plugins/flutter_baidu_mapapi_base/ios`)
  - flutter_baidu_mapapi_map (from `.symlinks/plugins/flutter_baidu_mapapi_map/ios`)
  - flutter_baidu_mapapi_search (from `.symlinks/plugins/flutter_baidu_mapapi_search/ios`)
  - flutter_baidu_mapapi_utils (from `.symlinks/plugins/flutter_baidu_mapapi_utils/ios`)
  - flutter_bmflocation (from `.symlinks/plugins/flutter_bmflocation/ios`)
  - flutter_image_compress (from `.symlinks/plugins/flutter_image_compress/ios`)
  - flutter_plugin_record_plus (from `.symlinks/plugins/flutter_plugin_record_plus/ios`)
  - flutter_ringtone_player (from `.symlinks/plugins/flutter_ringtone_player/ios`)
  - heif_converter (from `.symlinks/plugins/heif_converter/ios`)
  - image_clipboard (from `.symlinks/plugins/image_clipboard/ios`)
  - image_cropper (from `.symlinks/plugins/image_cropper/ios`)
  - image_gallery_saver (from `.symlinks/plugins/image_gallery_saver/ios`)
  - image_picker_ios (from `.symlinks/plugins/image_picker_ios/ios`)
  - just_audio (from `.symlinks/plugins/just_audio/ios`)
  - map_launcher (from `.symlinks/plugins/map_launcher/ios`)
  - mobile_scanner (from `.symlinks/plugins/mobile_scanner/ios`)
  - open_file (from `.symlinks/plugins/open_file/ios`)
  - package_info_plus (from `.symlinks/plugins/package_info_plus/ios`)
  - pasteboard (from `.symlinks/plugins/pasteboard/ios`)
  - path_provider_foundation (from `.symlinks/plugins/path_provider_foundation/darwin`)
  - permission_handler_apple (from `.symlinks/plugins/permission_handler_apple/ios`)
  - photo_browser (from `.symlinks/plugins/photo_browser/ios`)
  - photo_manager (from `.symlinks/plugins/photo_manager/ios`)
  - plugin_six2 (from `.symlinks/plugins/plugin_six2/ios`)
  - sensors_plus (from `.symlinks/plugins/sensors_plus/ios`)
  - shared_preferences_foundation (from `.symlinks/plugins/shared_preferences_foundation/darwin`)
  - sqflite (from `.symlinks/plugins/sqflite/darwin`)
  - tencent_calls_engine (from `.symlinks/plugins/tencent_calls_engine/ios`)
  - tencent_calls_uikit (from `.symlinks/plugins/tencent_calls_uikit/ios`)
  - tencent_cloud_chat_sdk (from `.symlinks/plugins/tencent_cloud_chat_sdk/ios`)
  - tencent_cloud_uikit_core (from `.symlinks/plugins/tencent_cloud_uikit_core/ios`)
  - url_launcher_ios (from `.symlinks/plugins/url_launcher_ios/ios`)
  - vibration (from `.symlinks/plugins/vibration/ios`)
  - video_player_avfoundation (from `.symlinks/plugins/video_player_avfoundation/darwin`)
  - wakelock_plus (from `.symlinks/plugins/wakelock_plus/ios`)

SPEC REPOS:
  trunk:
    - BaiduMapKit
    - BMKLocationKit
    - DKImagePickerController
    - DKPhotoGallery
    - GoogleDataTransport
    - GoogleMLKit
    - GoogleToolboxForMac
    - GoogleUtilities
    - GoogleUtilitiesComponents
    - GTMSessionFetcher
    - HydraAsync
    - libwebp
    - Mantle
    - MLImage
    - MLKitBarcodeScanning
    - MLKitCommon
    - MLKitVision
    - nanopb
    - PromisesObjC
    - ReachabilitySwift
    - SDWebImage
    - SDWebImageWebPCoder
    - SnapKit
    - SwiftyGif
    - TOCropViewController
    - TUICallEngine
    - TUICore
    - TXIMSDK_Plus_iOS
    - TXLiteAVSDK_Professional

EXTERNAL SOURCES:
  audio_session:
    :path: ".symlinks/plugins/audio_session/ios"
  audioplayers_darwin:
    :path: ".symlinks/plugins/audioplayers_darwin/ios"
  camera_avfoundation:
    :path: ".symlinks/plugins/camera_avfoundation/ios"
  connectivity_plus:
    :path: ".symlinks/plugins/connectivity_plus/ios"
  device_info_plus:
    :path: ".symlinks/plugins/device_info_plus/ios"
  fc_native_video_thumbnail:
    :path: ".symlinks/plugins/fc_native_video_thumbnail/darwin"
  file_picker:
    :path: ".symlinks/plugins/file_picker/ios"
  Flutter:
    :path: Flutter
  flutter_app_update:
    :path: ".symlinks/plugins/flutter_app_update/ios"
  flutter_baidu_mapapi_base:
    :path: ".symlinks/plugins/flutter_baidu_mapapi_base/ios"
  flutter_baidu_mapapi_map:
    :path: ".symlinks/plugins/flutter_baidu_mapapi_map/ios"
  flutter_baidu_mapapi_search:
    :path: ".symlinks/plugins/flutter_baidu_mapapi_search/ios"
  flutter_baidu_mapapi_utils:
    :path: ".symlinks/plugins/flutter_baidu_mapapi_utils/ios"
  flutter_bmflocation:
    :path: ".symlinks/plugins/flutter_bmflocation/ios"
  flutter_image_compress:
    :path: ".symlinks/plugins/flutter_image_compress/ios"
  flutter_plugin_record_plus:
    :path: ".symlinks/plugins/flutter_plugin_record_plus/ios"
  flutter_ringtone_player:
    :path: ".symlinks/plugins/flutter_ringtone_player/ios"
  heif_converter:
    :path: ".symlinks/plugins/heif_converter/ios"
  image_clipboard:
    :path: ".symlinks/plugins/image_clipboard/ios"
  image_cropper:
    :path: ".symlinks/plugins/image_cropper/ios"
  image_gallery_saver:
    :path: ".symlinks/plugins/image_gallery_saver/ios"
  image_picker_ios:
    :path: ".symlinks/plugins/image_picker_ios/ios"
  just_audio:
    :path: ".symlinks/plugins/just_audio/ios"
  map_launcher:
    :path: ".symlinks/plugins/map_launcher/ios"
  mobile_scanner:
    :path: ".symlinks/plugins/mobile_scanner/ios"
  open_file:
    :path: ".symlinks/plugins/open_file/ios"
  package_info_plus:
    :path: ".symlinks/plugins/package_info_plus/ios"
  pasteboard:
    :path: ".symlinks/plugins/pasteboard/ios"
  path_provider_foundation:
    :path: ".symlinks/plugins/path_provider_foundation/darwin"
  permission_handler_apple:
    :path: ".symlinks/plugins/permission_handler_apple/ios"
  photo_browser:
    :path: ".symlinks/plugins/photo_browser/ios"
  photo_manager:
    :path: ".symlinks/plugins/photo_manager/ios"
  plugin_six2:
    :path: ".symlinks/plugins/plugin_six2/ios"
  sensors_plus:
    :path: ".symlinks/plugins/sensors_plus/ios"
  shared_preferences_foundation:
    :path: ".symlinks/plugins/shared_preferences_foundation/darwin"
  sqflite:
    :path: ".symlinks/plugins/sqflite/darwin"
  tencent_calls_engine:
    :path: ".symlinks/plugins/tencent_calls_engine/ios"
  tencent_calls_uikit:
    :path: ".symlinks/plugins/tencent_calls_uikit/ios"
  tencent_cloud_chat_sdk:
    :path: ".symlinks/plugins/tencent_cloud_chat_sdk/ios"
  tencent_cloud_uikit_core:
    :path: ".symlinks/plugins/tencent_cloud_uikit_core/ios"
  url_launcher_ios:
    :path: ".symlinks/plugins/url_launcher_ios/ios"
  vibration:
    :path: ".symlinks/plugins/vibration/ios"
  video_player_avfoundation:
    :path: ".symlinks/plugins/video_player_avfoundation/darwin"
  wakelock_plus:
    :path: ".symlinks/plugins/wakelock_plus/ios"

SPEC CHECKSUMS:
  audio_session: 4f3e461722055d21515cf3261b64c973c062f345
  audioplayers_darwin: 877d9a4d06331c5c374595e46e16453ac7eafa40
  BaiduMapKit: 4d550ad25eca16aa49586c736456984125b92d8a
  BMKLocationKit: 7048cb9f9e6cd21d803a71013d175fce57db7f77
  camera_avfoundation: dd002b0330f4981e1bbcb46ae9b62829237459a4
  connectivity_plus: 413a8857dd5d9f1c399a39130850d02fe0feaf7e
  device_info_plus: c6fb39579d0f423935b0c9ce7ee2f44b71b9fce6
  DKImagePickerController: 946cec48c7873164274ecc4624d19e3da4c1ef3c
  DKPhotoGallery: b3834fecb755ee09a593d7c9e389d8b5d6deed60
  fc_native_video_thumbnail: 927d4dcfd4c7e9f2cc1a20bb52dfee83de3792c2
  file_picker: ce3938a0df3cc1ef404671531facef740d03f920
  Flutter: e0871f40cf51350855a761d2e70bf5af5b9b5de7
  flutter_app_update: 65f61da626cb111d1b24674abc4b01728d7723bc
  flutter_baidu_mapapi_base: 4330b29bffbbbf2417937b7f4b0802632a581a1d
  flutter_baidu_mapapi_map: 194056210e07f5a91ae3c713c34f87f39ee55434
  flutter_baidu_mapapi_search: 1d7cdf7168a7fb3a181537351c4091e8185d7d3c
  flutter_baidu_mapapi_utils: de164ea7ef65f11075fa203a213fd1d671d6832b
  flutter_bmflocation: 2a478a9b70e1a5fd0857a39a47d06090dbc0a63a
  flutter_image_compress: 5a5e9aee05b6553048b8df1c3bc456d0afaac433
  flutter_plugin_record_plus: 79b8e13ee7ed9a94f6c067018653599528cee1fc
  flutter_ringtone_player: 15eba85187230b87b2512f0e1b92225618bc03e7
  GoogleDataTransport: 6c09b596d841063d76d4288cc2d2f42cc36e1e2a
  GoogleMLKit: 97ac7af399057e99182ee8edfa8249e3226a4065
  GoogleToolboxForMac: d1a2cbf009c453f4d6ded37c105e2f67a32206d8
  GoogleUtilities: ea963c370a38a8069cc5f7ba4ca849a60b6d7d15
  GoogleUtilitiesComponents: 679b2c881db3b615a2777504623df6122dd20afe
  GTMSessionFetcher: 5aea5ba6bd522a239e236100971f10cb71b96ab6
  heif_converter: e3802659e4104e27e28c4d7bff07903da2f69318
  HydraAsync: 8d589bd725b0224f899afafc9a396327405f8063
  image_clipboard: 83e17da1a349361909fb7a36b7a14b9682aea0fb
  image_cropper: a3291c624a953049bc6a02e1f8c8ceb162a24b25
  image_gallery_saver: cb43cc43141711190510e92c460eb1655cd343cb
  image_picker_ios: c560581cceedb403a6ff17f2f816d7fea1421fc1
  just_audio: baa7252489dbcf47a4c7cc9ca663e9661c99aafa
  libwebp: 1786c9f4ff8a279e4dac1e8f385004d5fc253009
  Mantle: c5aa8794a29a022dfbbfc9799af95f477a69b62d
  map_launcher: 5fde49ac9a52672bf99da746599f507b4490d7b5
  MLImage: 1824212150da33ef225fbd3dc49f184cf611046c
  MLKitBarcodeScanning: 10ca0845a6d15f2f6e911f682a1998b68b973e8b
  MLKitCommon: afec63980417d29ffbb4790529a1b0a2291699e1
  MLKitVision: e858c5f125ecc288e4a31127928301eaba9ae0c1
  mobile_scanner: 8564358885a9253c43f822435b70f9345c87224f
  nanopb: 438bc412db1928dac798aa6fd75726007be04262
  open_file: 02eb5cb6b21264bd3a696876f5afbfb7ca4f4b7d
  package_info_plus: 58f0028419748fad15bf008b270aaa8e54380b1c
  pasteboard: 982969ebaa7c78af3e6cc7761e8f5e77565d9ce0
  path_provider_foundation: 2b6b4c569c0fb62ec74538f866245ac84301af46
  permission_handler_apple: 9878588469a2b0d0fc1e048d9f43605f92e6cec2
  photo_browser: e73886810414a288780fb2364b7277127e795f65
  photo_manager: ff695c7a1dd5bc379974953a2b5c0a293f7c4c8a
  plugin_six2: cd315fa6a70b8a4aabeac2d25e3c468d330dadf0
  PromisesObjC: f5707f49cb48b9636751c5b2e7d227e43fba9f47
  ReachabilitySwift: 7f151ff156cea1481a8411701195ac6a984f4979
  SDWebImage: dfe95b2466a9823cf9f0c6d01217c06550d7b29a
  SDWebImageWebPCoder: e38c0a70396191361d60c092933e22c20d5b1380
  sensors_plus: 18a9b346c43e157da17d2c8e99def703f9efb9d8
  shared_preferences_foundation: fcdcbc04712aee1108ac7fda236f363274528f78
  SnapKit: d612e99e678a2d3b95bf60b0705ed0a35c03484a
  sqflite: 673a0e54cc04b7d6dba8d24fb8095b31c3a99eec
  SwiftyGif: 706c60cf65fa2bc5ee0313beece843c8eb8194d4
  tencent_calls_engine: e70017020852f67bf6d790a366162268a41762e8
  tencent_calls_uikit: 9946e0b4d8cdac5414a4b20701bcf52f874fd186
  tencent_cloud_chat_sdk: 692e2c6b3024086a62a9fbb047441f17f122dab4
  tencent_cloud_uikit_core: c0140985a33df7b3948d2ebe0a0d7eeb780447f2
  TOCropViewController: edfd4f25713d56905ad1e0b9f5be3fbe0f59c863
  TUICallEngine: 8962e6198f765667183e2d905d86cc36a4688e6c
  TUICore: 1770de7f59675ba47772d11024d969d103a5e037
  TXIMSDK_Plus_iOS: b7bb4044ec1ec89da5ddf8945dc708b2c7ad6c6e
  TXLiteAVSDK_Professional: f51902165cb77667a6e7da46ee279ac78cc4408e
  url_launcher_ios: 5334b05cef931de560670eeae103fd3e431ac3fe
  vibration: 7d883d141656a1c1a6d8d238616b2042a51a1241
  video_player_avfoundation: 7c6c11d8470e1675df7397027218274b6d2360b3
  wakelock_plus: 78ec7c5b202cab7761af8e2b2b3d0671be6c4ae1

PODFILE CHECKSUM: 412898c1a09c9543aff11fa2220820e0773c5a0f

COCOAPODS: 1.15.2
